{
  "name": "@l7-poc/core",
  "version": "0.0.1",
  "lockfileVersion": 1,
  "requires": true,
  "dependencies": {
    "@types/d3-scale": {
      "version": "2.1.1",
      "resolved": "https://registry.npmjs.org/@types/d3-scale/-/d3-scale-2.1.1.tgz",
      "integrity": "sha512-kNTkbZQ+N/Ip8oX9PByXfDLoCSaZYm+VUOasbmsa6KD850/ziMdYepg/8kLg2plHzoLANdMqPoYQbvExevLUHg==",
      "requires": {
        "@types/d3-time": "*"
      }
    },
    "@types/d3-time": {
      "version": "1.0.10",
      "resolved": "https://registry.npmjs.org/@types/d3-time/-/d3-time-1.0.10.tgz",
      "integrity": "sha512-aKf62rRQafDQmSiv1NylKhIMmznsjRN+MnXRXTqHoqm0U/UZzVpdrtRnSIfdiLS616OuC1soYeX1dBg2n1u8Xw=="
    },
    "tapable": {
      "version": "2.0.0-beta.8"
    }
  }
}
